
Microsoft Visual Studio Solution File, Format Version 12.00
# Visual Studio Version 17
VisualStudioVersion = 17.8.34330.188
MinimumVisualStudioVersion = 10.0.40219.1
Project("{FAE04EC0-301F-11D3-BF4B-00C04F79EFBC}") = "ShaveddaPizzaria", "ShaveddaPizzaria\ShaveddaPizzaria.csproj", "{6A6E8886-80A9-4BD1-BF71-3370C11F015C}"
EndProject
Global
	GlobalSection(SolutionConfigurationPlatforms) = preSolution
		Debug|Any CPU = Debug|Any CPU
		Release|Any CPU = Release|Any CPU
	EndGlobalSection
	GlobalSection(ProjectConfigurationPlatforms) = postSolution
		{6A6E8886-80A9-4BD1-BF71-3370C11F015C}.Debug|Any CPU.ActiveCfg = Debug|Any CPU
		{6A6E8886-80A9-4BD1-BF71-3370C11F015C}.Debug|Any CPU.Build.0 = Debug|Any CPU
		{6A6E8886-80A9-4BD1-BF71-3370C11F015C}.Release|Any CPU.ActiveCfg = Release|Any CPU
		{6A6E8886-80A9-4BD1-BF71-3370C11F015C}.Release|Any CPU.Build.0 = Release|Any CPU
	EndGlobalSection
	GlobalSection(SolutionProperties) = preSolution
		HideSolutionNode = FALSE
	EndGlobalSection
	GlobalSection(ExtensibilityGlobals) = postSolution
		SolutionGuid = {FD6402D4-6F4C-4C66-AB7B-716BDD71ECB0}
	EndGlobalSection
EndGlobal
